
Microsoft Visual Studio Solution File, Format Version 12.00
# Visual Studio 15
VisualStudioVersion = 15.0.27428.2037
MinimumVisualStudioVersion = 10.0.40219.1
Project("{FAE04EC0-301F-11D3-BF4B-00C04F79EFBC}") = "JobReport", "JobReport\JobReport.csproj", "{67AB50A7-700C-4ED8-9DA9-6EE76D5CC53C}"
EndProject
Global
	GlobalSection(SolutionConfigurationPlatforms) = preSolution
		Debug|Any CPU = Debug|Any CPU
		Release|Any CPU = Release|Any CPU
	EndGlobalSection
	GlobalSection(ProjectConfigurationPlatforms) = postSolution
		{67AB50A7-700C-4ED8-9DA9-6EE76D5CC53C}.Debug|Any CPU.ActiveCfg = Debug|Any CPU
		{67AB50A7-700C-4ED8-9DA9-6EE76D5CC53C}.Debug|Any CPU.Build.0 = Debug|Any CPU
		{67AB50A7-700C-4ED8-9DA9-6EE76D5CC53C}.Release|Any CPU.ActiveCfg = Release|Any CPU
		{67AB50A7-700C-4ED8-9DA9-6EE76D5CC53C}.Release|Any CPU.Build.0 = Release|Any CPU
	EndGlobalSection
	GlobalSection(SolutionProperties) = preSolution
		HideSolutionNode = FALSE
	EndGlobalSection
	GlobalSection(ExtensibilityGlobals) = postSolution
		SolutionGuid = {6AFD18E0-39D3-4AB7-9C12-7AA1F02023A0}
	EndGlobalSection
EndGlobal
